
Microsoft Visual Studio Solution File, Format Version 12.00
# Visual Studio Version 16
VisualStudioVersion = 16.0.30711.63
MinimumVisualStudioVersion = 10.0.40219.1
Project("{FAE04EC0-301F-11D3-BF4B-00C04F79EFBC}") = "BasketFiller", "BasketFiller\BasketFiller.csproj", "{78CE370C-718F-4B92-894A-AB0E2F222266}"
EndProject
Project("{FAE04EC0-301F-11D3-BF4B-00C04F79EFBC}") = "UnitTests", "UnitTests\UnitTests.csproj", "{C4E9AFB1-5DB6-49FC-B04F-D43B7FDB416A}"
	ProjectSection(ProjectDependencies) = postProject
		{78CE370C-718F-4B92-894A-AB0E2F222266} = {78CE370C-718F-4B92-894A-AB0E2F222266}
	EndProjectSection
EndProject
Global
	GlobalSection(SolutionConfigurationPlatforms) = preSolution
		Debug|Any CPU = Debug|Any CPU
		Release|Any CPU = Release|Any CPU
	EndGlobalSection
	GlobalSection(ProjectConfigurationPlatforms) = postSolution
		{78CE370C-718F-4B92-894A-AB0E2F222266}.Debug|Any CPU.ActiveCfg = Debug|Any CPU
		{78CE370C-718F-4B92-894A-AB0E2F222266}.Debug|Any CPU.Build.0 = Debug|Any CPU
		{78CE370C-718F-4B92-894A-AB0E2F222266}.Release|Any CPU.ActiveCfg = Release|Any CPU
		{78CE370C-718F-4B92-894A-AB0E2F222266}.Release|Any CPU.Build.0 = Release|Any CPU
		{C4E9AFB1-5DB6-49FC-B04F-D43B7FDB416A}.Debug|Any CPU.ActiveCfg = Debug|Any CPU
		{C4E9AFB1-5DB6-49FC-B04F-D43B7FDB416A}.Debug|Any CPU.Build.0 = Debug|Any CPU
		{C4E9AFB1-5DB6-49FC-B04F-D43B7FDB416A}.Release|Any CPU.ActiveCfg = Release|Any CPU
		{C4E9AFB1-5DB6-49FC-B04F-D43B7FDB416A}.Release|Any CPU.Build.0 = Release|Any CPU
	EndGlobalSection
	GlobalSection(SolutionProperties) = preSolution
		HideSolutionNode = FALSE
	EndGlobalSection
	GlobalSection(ExtensibilityGlobals) = postSolution
		SolutionGuid = {78425D14-3BCB-4FC7-8065-0B3C1FEC347C}
	EndGlobalSection
EndGlobal
